{
    "_meta": {
        "hash": {
            "sha256": "0ec07a5d42e6816341518860002d3887e76c6bb2f23ec532144c3cad6ce38ffd"
        },
        "pipfile-spec": 6,
        "requires": {
            "python_version": "2.7"
        },
        "sources": [
            {
                "name": "pypi",
                "url": "https://pypi.org/simple",
                "verify_ssl": true
            }
        ]
    },
    "default": {
        "django": {
            "hashes": [
                "sha256:83615ecf738ed710e90ca0dff719b269cc93128c5f0f361370d4e52f42209d16",
                "sha256:861db7f82436ab43e1411832ed8dca81fc5fc0f7c2039c7e07a080a63092fb44"
            ],
            "index": "pypi",
            "version": "==1.11.26"
        },
        "gunicorn": {
            "hashes": [
                "sha256:c3930fe8de6778ab5ea716cab432ae6335fa9f03b3f2c3e02529214c476f4bcb",
                "sha256:f9de24e358b841567063629cd0a656b26792a41e23a24d0dcb40224fc3940081"
            ],
            "index": "pypi",
            "version": "==19.10.0"
        },
        "pytz": {
            "hashes": [
                "sha256:1c557d7d0e871de1f5ccd5833f60fb2550652da6be2693c1e02300743d21500d",
                "sha256:b02c06db6cf09c12dd25137e563b31700d3b80fcc4ad23abb7a315f2789819be"
            ],
            "version": "==2019.3"
        },
        "whitenoise": {
            "hashes": [
                "sha256:22f79cf8f1f509639330f93886acaece8ec5ac5e9600c3b981d33c34e8a42dfd",
                "sha256:6dfea214b7c12efd689007abf9afa87a426586e9dbc051873ad2c8e535e2a1ac"
            ],
            "index": "pypi",
            "version": "==4.1.4"
        }
    },
    "develop": {}
}
